
Microsoft Visual Studio Solution File, Format Version 12.00
# Visual Studio Version 17
VisualStudioVersion = 17.0.31903.59
MinimumVisualStudioVersion = 10.0.40219.1
Project("{FAE04EC0-301F-11D3-BF4B-00C04F79EFBC}") = "NTokenizers.Tests", "tests\NTokenizers.Tests\NTokenizers.Tests.csproj", "{6F939D11-A6EB-E490-AFCF-37CFEA2DAB5D}"
EndProject
Project("{FAE04EC0-301F-11D3-BF4B-00C04F79EFBC}") = "NTokenizers", "src\NTokenizers\NTokenizers.csproj", "{A9AABFE6-4713-45EC-92F7-4E14CE7A2E0D}"
EndProject
Project("{2150E333-8FDC-42A3-9474-1A3956D46DE8}") = "Solution Items", "Solution Items", "{8EC462FD-D22E-90A8-E5CE-7E832BA40C5D}"
	ProjectSection(SolutionItems) = preProject
		README.md = README.md
	EndProjectSection
EndProject
Project("{FAE04EC0-301F-11D3-BF4B-00C04F79EFBC}") = "NTokenizers.ShowCase.Xml", "tests\NTokenizers.ShowCase.Xml\NTokenizers.ShowCase.Xml.csproj", "{AE103AB3-3736-4227-99B2-CE7B9C504626}"
EndProject
Project("{FAE04EC0-301F-11D3-BF4B-00C04F79EFBC}") = "NTokenizers.ShowCase.Json", "tests\NTokenizers.ShowCase.Json\NTokenizers.ShowCase.Json.csproj", "{EA0A7773-9211-4087-9B99-4522A117752C}"
EndProject
Project("{FAE04EC0-301F-11D3-BF4B-00C04F79EFBC}") = "NTokenizers.ShowCase.Typescript", "tests\NTokenizers.ShowCase.Typescript\NTokenizers.ShowCase.Typescript.csproj", "{A8A53B2D-A5EC-483A-AA01-7FE873044C90}"
EndProject
Project("{FAE04EC0-301F-11D3-BF4B-00C04F79EFBC}") = "NTokenizers.ShowCase.Sql", "tests\NTokenizers.ShowCase.Sql\NTokenizers.ShowCase.Sql.csproj", "{BFC7D521-1BEB-4AD2-84F9-304CE483B43C}"
EndProject
Project("{FAE04EC0-301F-11D3-BF4B-00C04F79EFBC}") = "NTokenizers.ShowCase.CSharp", "tests\NTokenizers.ShowCase.CSharp\NTokenizers.ShowCase.CSharp.csproj", "{B1768A83-E6A0-4666-B9C0-53020E67F4A5}"
EndProject
Project("{FAE04EC0-301F-11D3-BF4B-00C04F79EFBC}") = "NTokenizers.ShowCase.Markup", "tests\NTokenizers.ShowCase.Markup\NTokenizers.ShowCase.Markup.csproj", "{5711420F-4D25-49AF-99E7-038E2659690A}"
EndProject
Project("{FAE04EC0-301F-11D3-BF4B-00C04F79EFBC}") = "NTokenizers.ShowCase.Yaml", "tests\NTokenizers.ShowCase.Yaml\NTokenizers.ShowCase.Yaml.csproj", "{63FAE9D4-D699-494D-A77A-145E65100C95}"
EndProject
Global
	GlobalSection(SolutionConfigurationPlatforms) = preSolution
		Debug|Any CPU = Debug|Any CPU
		Debug|x64 = Debug|x64
		Debug|x86 = Debug|x86
		Release|Any CPU = Release|Any CPU
		Release|x64 = Release|x64
		Release|x86 = Release|x86
	EndGlobalSection
	GlobalSection(ProjectConfigurationPlatforms) = postSolution
		{6F939D11-A6EB-E490-AFCF-37CFEA2DAB5D}.Debug|Any CPU.ActiveCfg = Debug|Any CPU
		{6F939D11-A6EB-E490-AFCF-37CFEA2DAB5D}.Debug|Any CPU.Build.0 = Debug|Any CPU
		{6F939D11-A6EB-E490-AFCF-37CFEA2DAB5D}.Debug|x64.ActiveCfg = Debug|Any CPU
		{6F939D11-A6EB-E490-AFCF-37CFEA2DAB5D}.Debug|x64.Build.0 = Debug|Any CPU
		{6F939D11-A6EB-E490-AFCF-37CFEA2DAB5D}.Debug|x86.ActiveCfg = Debug|Any CPU
		{6F939D11-A6EB-E490-AFCF-37CFEA2DAB5D}.Debug|x86.Build.0 = Debug|Any CPU
		{6F939D11-A6EB-E490-AFCF-37CFEA2DAB5D}.Release|Any CPU.ActiveCfg = Release|Any CPU
		{6F939D11-A6EB-E490-AFCF-37CFEA2DAB5D}.Release|Any CPU.Build.0 = Release|Any CPU
		{6F939D11-A6EB-E490-AFCF-37CFEA2DAB5D}.Release|x64.ActiveCfg = Release|Any CPU
		{6F939D11-A6EB-E490-AFCF-37CFEA2DAB5D}.Release|x64.Build.0 = Release|Any CPU
		{6F939D11-A6EB-E490-AFCF-37CFEA2DAB5D}.Release|x86.ActiveCfg = Release|Any CPU
		{6F939D11-A6EB-E490-AFCF-37CFEA2DAB5D}.Release|x86.Build.0 = Release|Any CPU
		{A9AABFE6-4713-45EC-92F7-4E14CE7A2E0D}.Debug|Any CPU.ActiveCfg = Debug|Any CPU
		{A9AABFE6-4713-45EC-92F7-4E14CE7A2E0D}.Debug|Any CPU.Build.0 = Debug|Any CPU
		{A9AABFE6-4713-45EC-92F7-4E14CE7A2E0D}.Debug|x64.ActiveCfg = Debug|Any CPU
		{A9AABFE6-4713-45EC-92F7-4E14CE7A2E0D}.Debug|x64.Build.0 = Debug|Any CPU
		{A9AABFE6-4713-45EC-92F7-4E14CE7A2E0D}.Debug|x86.ActiveCfg = Debug|Any CPU
		{A9AABFE6-4713-45EC-92F7-4E14CE7A2E0D}.Debug|x86.Build.0 = Debug|Any CPU
		{A9AABFE6-4713-45EC-92F7-4E14CE7A2E0D}.Release|Any CPU.ActiveCfg = Release|Any CPU
		{A9AABFE6-4713-45EC-92F7-4E14CE7A2E0D}.Release|Any CPU.Build.0 = Release|Any CPU
		{A9AABFE6-4713-45EC-92F7-4E14CE7A2E0D}.Release|x64.ActiveCfg = Release|Any CPU
		{A9AABFE6-4713-45EC-92F7-4E14CE7A2E0D}.Release|x64.Build.0 = Release|Any CPU
		{A9AABFE6-4713-45EC-92F7-4E14CE7A2E0D}.Release|x86.ActiveCfg = Release|Any CPU
		{A9AABFE6-4713-45EC-92F7-4E14CE7A2E0D}.Release|x86.Build.0 = Release|Any CPU
		{AE103AB3-3736-4227-99B2-CE7B9C504626}.Debug|Any CPU.ActiveCfg = Debug|Any CPU
		{AE103AB3-3736-4227-99B2-CE7B9C504626}.Debug|Any CPU.Build.0 = Debug|Any CPU
		{AE103AB3-3736-4227-99B2-CE7B9C504626}.Debug|x64.ActiveCfg = Debug|Any CPU
		{AE103AB3-3736-4227-99B2-CE7B9C504626}.Debug|x64.Build.0 = Debug|Any CPU
		{AE103AB3-3736-4227-99B2-CE7B9C504626}.Debug|x86.ActiveCfg = Debug|Any CPU
		{AE103AB3-3736-4227-99B2-CE7B9C504626}.Debug|x86.Build.0 = Debug|Any CPU
		{AE103AB3-3736-4227-99B2-CE7B9C504626}.Release|Any CPU.ActiveCfg = Release|Any CPU
		{AE103AB3-3736-4227-99B2-CE7B9C504626}.Release|Any CPU.Build.0 = Release|Any CPU
		{AE103AB3-3736-4227-99B2-CE7B9C504626}.Release|x64.ActiveCfg = Release|Any CPU
		{AE103AB3-3736-4227-99B2-CE7B9C504626}.Release|x64.Build.0 = Release|Any CPU
		{AE103AB3-3736-4227-99B2-CE7B9C504626}.Release|x86.ActiveCfg = Release|Any CPU
		{AE103AB3-3736-4227-99B2-CE7B9C504626}.Release|x86.Build.0 = Release|Any CPU
		{EA0A7773-9211-4087-9B99-4522A117752C}.Debug|Any CPU.ActiveCfg = Debug|Any CPU
		{EA0A7773-9211-4087-9B99-4522A117752C}.Debug|Any CPU.Build.0 = Debug|Any CPU
		{EA0A7773-9211-4087-9B99-4522A117752C}.Debug|x64.ActiveCfg = Debug|Any CPU
		{EA0A7773-9211-4087-9B99-4522A117752C}.Debug|x64.Build.0 = Debug|Any CPU
		{EA0A7773-9211-4087-9B99-4522A117752C}.Debug|x86.ActiveCfg = Debug|Any CPU
		{EA0A7773-9211-4087-9B99-4522A117752C}.Debug|x86.Build.0 = Debug|Any CPU
		{EA0A7773-9211-4087-9B99-4522A117752C}.Release|Any CPU.ActiveCfg = Release|Any CPU
		{EA0A7773-9211-4087-9B99-4522A117752C}.Release|Any CPU.Build.0 = Release|Any CPU
		{EA0A7773-9211-4087-9B99-4522A117752C}.Release|x64.ActiveCfg = Release|Any CPU
		{EA0A7773-9211-4087-9B99-4522A117752C}.Release|x64.Build.0 = Release|Any CPU
		{EA0A7773-9211-4087-9B99-4522A117752C}.Release|x86.ActiveCfg = Release|Any CPU
		{EA0A7773-9211-4087-9B99-4522A117752C}.Release|x86.Build.0 = Release|Any CPU
		{A8A53B2D-A5EC-483A-AA01-7FE873044C90}.Debug|Any CPU.ActiveCfg = Debug|Any CPU
		{A8A53B2D-A5EC-483A-AA01-7FE873044C90}.Debug|Any CPU.Build.0 = Debug|Any CPU
		{A8A53B2D-A5EC-483A-AA01-7FE873044C90}.Debug|x64.ActiveCfg = Debug|Any CPU
		{A8A53B2D-A5EC-483A-AA01-7FE873044C90}.Debug|x64.Build.0 = Debug|Any CPU
		{A8A53B2D-A5EC-483A-AA01-7FE873044C90}.Debug|x86.ActiveCfg = Debug|Any CPU
		{A8A53B2D-A5EC-483A-AA01-7FE873044C90}.Debug|x86.Build.0 = Debug|Any CPU
		{A8A53B2D-A5EC-483A-AA01-7FE873044C90}.Release|Any CPU.ActiveCfg = Release|Any CPU
		{A8A53B2D-A5EC-483A-AA01-7FE873044C90}.Release|Any CPU.Build.0 = Release|Any CPU
		{A8A53B2D-A5EC-483A-AA01-7FE873044C90}.Release|x64.ActiveCfg = Release|Any CPU
		{A8A53B2D-A5EC-483A-AA01-7FE873044C90}.Release|x64.Build.0 = Release|Any CPU
		{A8A53B2D-A5EC-483A-AA01-7FE873044C90}.Release|x86.ActiveCfg = Release|Any CPU
		{A8A53B2D-A5EC-483A-AA01-7FE873044C90}.Release|x86.Build.0 = Release|Any CPU
		{BFC7D521-1BEB-4AD2-84F9-304CE483B43C}.Debug|Any CPU.ActiveCfg = Debug|Any CPU
		{BFC7D521-1BEB-4AD2-84F9-304CE483B43C}.Debug|Any CPU.Build.0 = Debug|Any CPU
		{BFC7D521-1BEB-4AD2-84F9-304CE483B43C}.Debug|x64.ActiveCfg = Debug|Any CPU
		{BFC7D521-1BEB-4AD2-84F9-304CE483B43C}.Debug|x64.Build.0 = Debug|Any CPU
		{BFC7D521-1BEB-4AD2-84F9-304CE483B43C}.Debug|x86.ActiveCfg = Debug|Any CPU
		{BFC7D521-1BEB-4AD2-84F9-304CE483B43C}.Debug|x86.Build.0 = Debug|Any CPU
		{BFC7D521-1BEB-4AD2-84F9-304CE483B43C}.Release|Any CPU.ActiveCfg = Release|Any CPU
		{BFC7D521-1BEB-4AD2-84F9-304CE483B43C}.Release|Any CPU.Build.0 = Release|Any CPU
		{BFC7D521-1BEB-4AD2-84F9-304CE483B43C}.Release|x64.ActiveCfg = Release|Any CPU
		{BFC7D521-1BEB-4AD2-84F9-304CE483B43C}.Release|x64.Build.0 = Release|Any CPU
		{BFC7D521-1BEB-4AD2-84F9-304CE483B43C}.Release|x86.ActiveCfg = Release|Any CPU
		{BFC7D521-1BEB-4AD2-84F9-304CE483B43C}.Release|x86.Build.0 = Release|Any CPU
		{B1768A83-E6A0-4666-B9C0-53020E67F4A5}.Debug|Any CPU.ActiveCfg = Debug|Any CPU
		{B1768A83-E6A0-4666-B9C0-53020E67F4A5}.Debug|Any CPU.Build.0 = Debug|Any CPU
		{B1768A83-E6A0-4666-B9C0-53020E67F4A5}.Debug|x64.ActiveCfg = Debug|Any CPU
		{B1768A83-E6A0-4666-B9C0-53020E67F4A5}.Debug|x64.Build.0 = Debug|Any CPU
		{B1768A83-E6A0-4666-B9C0-53020E67F4A5}.Debug|x86.ActiveCfg = Debug|Any CPU
		{B1768A83-E6A0-4666-B9C0-53020E67F4A5}.Debug|x86.Build.0 = Debug|Any CPU
		{B1768A83-E6A0-4666-B9C0-53020E67F4A5}.Release|Any CPU.ActiveCfg = Release|Any CPU
		{B1768A83-E6A0-4666-B9C0-53020E67F4A5}.Release|Any CPU.Build.0 = Release|Any CPU
		{B1768A83-E6A0-4666-B9C0-53020E67F4A5}.Release|x64.ActiveCfg = Release|Any CPU
		{B1768A83-E6A0-4666-B9C0-53020E67F4A5}.Release|x64.Build.0 = Release|Any CPU
		{B1768A83-E6A0-4666-B9C0-53020E67F4A5}.Release|x86.ActiveCfg = Release|Any CPU
		{B1768A83-E6A0-4666-B9C0-53020E67F4A5}.Release|x86.Build.0 = Release|Any CPU
		{5711420F-4D25-49AF-99E7-038E2659690A}.Debug|Any CPU.ActiveCfg = Debug|Any CPU
		{5711420F-4D25-49AF-99E7-038E2659690A}.Debug|Any CPU.Build.0 = Debug|Any CPU
		{5711420F-4D25-49AF-99E7-038E2659690A}.Debug|x64.ActiveCfg = Debug|Any CPU
		{5711420F-4D25-49AF-99E7-038E2659690A}.Debug|x64.Build.0 = Debug|Any CPU
		{5711420F-4D25-49AF-99E7-038E2659690A}.Debug|x86.ActiveCfg = Debug|Any CPU
		{5711420F-4D25-49AF-99E7-038E2659690A}.Debug|x86.Build.0 = Debug|Any CPU
		{5711420F-4D25-49AF-99E7-038E2659690A}.Release|Any CPU.ActiveCfg = Release|Any CPU
		{5711420F-4D25-49AF-99E7-038E2659690A}.Release|Any CPU.Build.0 = Release|Any CPU
		{5711420F-4D25-49AF-99E7-038E2659690A}.Release|x64.ActiveCfg = Release|Any CPU
		{5711420F-4D25-49AF-99E7-038E2659690A}.Release|x64.Build.0 = Release|Any CPU
		{5711420F-4D25-49AF-99E7-038E2659690A}.Release|x86.ActiveCfg = Release|Any CPU
		{5711420F-4D25-49AF-99E7-038E2659690A}.Release|x86.Build.0 = Release|Any CPU
		{63FAE9D4-D699-494D-A77A-145E65100C95}.Debug|Any CPU.ActiveCfg = Debug|Any CPU
		{63FAE9D4-D699-494D-A77A-145E65100C95}.Debug|Any CPU.Build.0 = Debug|Any CPU
		{63FAE9D4-D699-494D-A77A-145E65100C95}.Debug|x64.ActiveCfg = Debug|Any CPU
		{63FAE9D4-D699-494D-A77A-145E65100C95}.Debug|x64.Build.0 = Debug|Any CPU
		{63FAE9D4-D699-494D-A77A-145E65100C95}.Debug|x86.ActiveCfg = Debug|Any CPU
		{63FAE9D4-D699-494D-A77A-145E65100C95}.Debug|x86.Build.0 = Debug|Any CPU
		{63FAE9D4-D699-494D-A77A-145E65100C95}.Release|Any CPU.ActiveCfg = Release|Any CPU
		{63FAE9D4-D699-494D-A77A-145E65100C95}.Release|Any CPU.Build.0 = Release|Any CPU
		{63FAE9D4-D699-494D-A77A-145E65100C95}.Release|x64.ActiveCfg = Release|Any CPU
		{63FAE9D4-D699-494D-A77A-145E65100C95}.Release|x64.Build.0 = Release|Any CPU
		{63FAE9D4-D699-494D-A77A-145E65100C95}.Release|x86.ActiveCfg = Release|Any CPU
		{63FAE9D4-D699-494D-A77A-145E65100C95}.Release|x86.Build.0 = Release|Any CPU
	EndGlobalSection
	GlobalSection(SolutionProperties) = preSolution
		HideSolutionNode = FALSE
	EndGlobalSection
	GlobalSection(ExtensibilityGlobals) = postSolution
		SolutionGuid = {694F9108-31D8-41B9-913C-7CE977F99920}
	EndGlobalSection
EndGlobal
